PATH
  remote: .
  specs:
    microbuild (0.1.0)

GEM
  remote: https://rubygems.org/
  specs:
    minitest (5.27.0)

PLATFORMS
  ruby
  x86_64-linux-gnu

DEPENDENCIES
  microbuild!
  minitest (~> 5.0)

CHECKSUMS
  microbuild (0.1.0)
  minitest (5.27.0) sha256=2d3b17f8a36fe7801c1adcffdbc38233b938eb0b4966e97a6739055a45fa77d5

BUNDLED WITH
  4.0.7
